PODS:
  - UIEmptyState (0.1.0)

DEPENDENCIES:
  - UIEmptyState (from `~/Programming/iOS/UIEmptyState`)

EXTERNAL SOURCES:
  UIEmptyState:
    :path: "~/Programming/iOS/UIEmptyState"

SPEC CHECKSUMS:
  UIEmptyState: d81d193886d9dd5a1f633cebd281466522606a2e

PODFILE CHECKSUM: dafef053e376f967a2230a81ab89d8576909e6f3

COCOAPODS: 1.2.0
