// !$*UTF8*$!
{
	archiveVersion = 1;
	classes = {
	};
	objectVersion = 46;
	objects = {

/* Begin PBXBuildFile section */
		2CA4272FA68B76F30924D22D /* Pods_UIEmptyStateTestUITests.framework in Frameworks */ = {isa = PBXBuildFile; fileRef = AED243F775E205B94146781F /* Pods_UIEmptyStateTestUITests.framework */; };
		A0AABE731E3FEE30006CD69C /* AppDelegate.swift in Sources */ = {isa = PBXBuildFile; fileRef = A0AABE721E3FEE30006CD69C /* AppDelegate.swift */; };
		A0AABE751E3FEE30006CD69C /* ViewController.swift in Sources */ = {isa = PBXBuildFile; fileRef = A0AABE741E3FEE30006CD69C /* ViewController.swift */; };
		A0AABE781E3FEE30006CD69C /* Main.storyboard in Resources */ = {isa = PBXBuildFile; fileRef = A0AABE761E3FEE30006CD69C /* Main.storyboard */; };
		A0AABE7A1E3FEE30006CD69C /* Assets.xcassets in Resources */ = {isa = PBXBuildFile; fileRef = A0AABE791E3FEE30006CD69C /* Assets.xcassets */; };
		A0AABE7D1E3FEE30006CD69C /* LaunchScreen.storyboard in Resources */ = {isa = PBXBuildFile; fileRef = A0AABE7B1E3FEE30006CD69C /* LaunchScreen.storyboard */; };
		A0AABE881E3FEE30006CD69C /* UIEmptyStateTestTests.swift in Sources */ = {isa = PBXBuildFile; fileRef = A0AABE871E3FEE30006CD69C /* UIEmptyStateTestTests.swift */; };
		A0AABE931E3FEE30006CD69C /* UIEmptyStateTestUITests.swift in Sources */ = {isa = PBXBuildFile; fileRef = A0AABE921E3FEE30006CD69C /* UIEmptyStateTestUITests.swift */; };
		C9E9D62C5B827929ACFECEC0 /* Pods_UIEmptyStateTestTests.framework in Frameworks */ = {isa = PBXBuildFile; fileRef = 4E3A4A63939E0A0B3BCEE71D /* Pods_UIEmptyStateTestTests.framework */; };
		FD05A7DC18C9FC90FE6FAEF3 /* Pods_UIEmptyStateTest.framework in Frameworks */ = {isa = PBXBuildFile; fileRef = 43BAED8DA3C82C8CE6F10290 /* Pods_UIEmptyStateTest.framework */; };
/* End PBXBuildFile section */

/* Begin PBXContainerItemProxy section */
		A0AABE841E3FEE30006CD69C /* PBXContainerItemProxy */ = {
			isa = PBXContainerItemProxy;
			containerPortal = A0AABE671E3FEE30006CD69C /* Project object */;
			proxyType = 1;
			remoteGlobalIDString = A0AABE6E1E3FEE30006CD69C;
			remoteInfo = UIEmptyStateTest;
		};
		A0AABE8F1E3FEE30006CD69C /* PBXContainerItemProxy */ = {
			isa = PBXContainerItemProxy;
			containerPortal = A0AABE671E3FEE30006CD69C /* Project object */;
			proxyType = 1;
			remoteGlobalIDString = A0AABE6E1E3FEE30006CD69C;
			remoteInfo = UIEmptyStateTest;
		};
/* End PBXContainerItemProxy section */

/* Begin PBXFileReference section */
		04923F271A6ABA74EEBC97FB /* Pods-UIEmptyStateTest.debug.xcconfig */ = {isa = PBXFileReference; includeInIndex = 1; lastKnownFileType = text.xcconfig; name = "Pods-UIEmptyStateTest.debug.xcconfig"; path = "Pods/Target Support Files/Pods-UIEmptyStateTest/Pods-UIEmptyStateTest.debug.xcconfig"; sourceTree = "<group>"; };
		0DFD0CBD728003F27CA74535 /* Pods-UIEmptyStateTestUITests.debug.xcconfig */ = {isa = PBXFileReference; includeInIndex = 1; lastKnownFileType = text.xcconfig; name = "Pods-UIEmptyStateTestUITests.debug.xcconfig"; path = "Pods/Target Support Files/Pods-UIEmptyStateTestUITests/Pods-UIEmptyStateTestUITests.debug.xcconfig"; sourceTree = "<group>"; };
		43BAED8DA3C82C8CE6F10290 /* Pods_UIEmptyStateTest.framework */ = {isa = PBXFileReference; explicitFileType = wrapper.framework; includeInIndex = 0; path = Pods_UIEmptyStateTest.framework; sourceTree = BUILT_PRODUCTS_DIR; };
		4E3A4A63939E0A0B3BCEE71D /* Pods_UIEmptyStateTestTests.framework */ = {isa = PBXFileReference; explicitFileType = wrapper.framework; includeInIndex = 0; path = Pods_UIEmptyStateTestTests.framework; sourceTree = BUILT_PRODUCTS_DIR; };
		5BEF0FC8D0972C0A42CED6B4 /* Pods-UIEmptyStateTestTests.debug.xcconfig */ = {isa = PBXFileReference; includeInIndex = 1; lastKnownFileType = text.xcconfig; name = "Pods-UIEmptyStateTestTests.debug.xcconfig"; path = "Pods/Target Support Files/Pods-UIEmptyStateTestTests/Pods-UIEmptyStateTestTests.debug.xcconfig"; sourceTree = "<group>"; };
		62590E8D27A591EA077B8FB3 /* Pods-UIEmptyStateTest.release.xcconfig */ = {isa = PBXFileReference; includeInIndex = 1; lastKnownFileType = text.xcconfig; name = "Pods-UIEmptyStateTest.release.xcconfig"; path = "Pods/Target Support Files/Pods-UIEmptyStateTest/Pods-UIEmptyStateTest.release.xcconfig"; sourceTree = "<group>"; };
		A0AABE6F1E3FEE30006CD69C /* UIEmptyStateTest.app */ = {isa = PBXFileReference; explicitFileType = wrapper.application; includeInIndex = 0; path = UIEmptyStateTest.app; sourceTree = BUILT_PRODUCTS_DIR; };
		A0AABE721E3FEE30006CD69C /* AppDelegate.swift */ = {isa = PBXFileReference; lastKnownFileType = sourcecode.swift; path = AppDelegate.swift; sourceTree = "<group>"; };
		A0AABE741E3FEE30006CD69C /* ViewController.swift */ = {isa = PBXFileReference; lastKnownFileType = sourcecode.swift; path = ViewController.swift; sourceTree = "<group>"; };
		A0AABE771E3FEE30006CD69C /* Base */ = {isa = PBXFileReference; lastKnownFileType = file.storyboard; name = Base; path = Base.lproj/Main.storyboard; sourceTree = "<group>"; };
		A0AABE791E3FEE30006CD69C /* Assets.xcassets */ = {isa = PBXFileReference; lastKnownFileType = folder.assetcatalog; path = Assets.xcassets; sourceTree = "<group>"; };
		A0AABE7C1E3FEE30006CD69C /* Base */ = {isa = PBXFileReference; lastKnownFileType = file.storyboard; name = Base; path = Base.lproj/LaunchScreen.storyboard; sourceTree = "<group>"; };
		A0AABE7E1E3FEE30006CD69C /* Info.plist */ = {isa = PBXFileReference; lastKnownFileType = text.plist.xml; path = Info.plist; sourceTree = "<group>"; };
		A0AABE831E3FEE30006CD69C /* UIEmptyStateTestTests.xctest */ = {isa = PBXFileReference; explicitFileType = wrapper.cfbundle; includeInIndex = 0; path = UIEmptyStateTestTests.xctest; sourceTree = BUILT_PRODUCTS_DIR; };
		A0AABE871E3FEE30006CD69C /* UIEmptyStateTestTests.swift */ = {isa = PBXFileReference; lastKnownFileType = sourcecode.swift; path = UIEmptyStateTestTests.swift; sourceTree = "<group>"; };
		A0AABE891E3FEE30006CD69C /* Info.plist */ = {isa = PBXFileReference; lastKnownFileType = text.plist.xml; path = Info.plist; sourceTree = "<group>"; };
		A0AABE8E1E3FEE30006CD69C /* UIEmptyStateTestUITests.xctest */ = {isa = PBXFileReference; explicitFileType = wrapper.cfbundle; includeInIndex = 0; path = UIEmptyStateTestUITests.xctest; sourceTree = BUILT_PRODUCTS_DIR; };
		A0AABE921E3FEE30006CD69C /* UIEmptyStateTestUITests.swift */ = {isa = PBXFileReference; lastKnownFileType = sourcecode.swift; path = UIEmptyStateTestUITests.swift; sourceTree = "<group>"; };
		A0AABE941E3FEE30006CD69C /* Info.plist */ = {isa = PBXFileReference; lastKnownFileType = text.plist.xml; path = Info.plist; sourceTree = "<group>"; };
		AED243F775E205B94146781F /* Pods_UIEmptyStateTestUITests.framework */ = {isa = PBXFileReference; explicitFileType = wrapper.framework; includeInIndex = 0; path = Pods_UIEmptyStateTestUITests.framework; sourceTree = BUILT_PRODUCTS_DIR; };
		BB691DB62A11098571ABBBD3 /* Pods-UIEmptyStateTestTests.release.xcconfig */ = {isa = PBXFileReference; includeInIndex = 1; lastKnownFileType = text.xcconfig; name = "Pods-UIEmptyStateTestTests.release.xcconfig"; path = "Pods/Target Support Files/Pods-UIEmptyStateTestTests/Pods-UIEmptyStateTestTests.release.xcconfig"; sourceTree = "<group>"; };
		FF7107D02952AB404AEE0CA3 /* Pods-UIEmptyStateTestUITests.release.xcconfig */ = {isa = PBXFileReference; includeInIndex = 1; lastKnownFileType = text.xcconfig; name = "Pods-UIEmptyStateTestUITests.release.xcconfig"; path = "Pods/Target Support Files/Pods-UIEmptyStateTestUITests/Pods-UIEmptyStateTestUITests.release.xcconfig"; sourceTree = "<group>"; };
/* End PBXFileReference section */

/* Begin PBXFrameworksBuildPhase section */
		A0AABE6C1E3FEE30006CD69C /* Frameworks */ = {
			isa = PBXFrameworksBuildPhase;
			buildActionMask = 2147483647;
			files = (
				FD05A7DC18C9FC90FE6FAEF3 /* Pods_UIEmptyStateTest.framework in Frameworks */,
			);
			runOnlyForDeploymentPostprocessing = 0;
		};
		A0AABE801E3FEE30006CD69C /* Frameworks */ = {
			isa = PBXFrameworksBuildPhase;
			buildActionMask = 2147483647;
			files = (
				C9E9D62C5B827929ACFECEC0 /* Pods_UIEmptyStateTestTests.framework in Frameworks */,
			);
			runOnlyForDeploymentPostprocessing = 0;
		};
		A0AABE8B1E3FEE30006CD69C /* Frameworks */ = {
			isa = PBXFrameworksBuildPhase;
			buildActionMask = 2147483647;
			files = (
				2CA4272FA68B76F30924D22D /* Pods_UIEmptyStateTestUITests.framework in Frameworks */,
			);
			runOnlyForDeploymentPostprocessing = 0;
		};
/* End PBXFrameworksBuildPhase section */

/* Begin PBXGroup section */
		9401F83D9B76AD8D942A0BFC /* Pods */ = {
			isa = PBXGroup;
			children = (
				04923F271A6ABA74EEBC97FB /* Pods-UIEmptyStateTest.debug.xcconfig */,
				62590E8D27A591EA077B8FB3 /* Pods-UIEmptyStateTest.release.xcconfig */,
				5BEF0FC8D0972C0A42CED6B4 /* Pods-UIEmptyStateTestTests.debug.xcconfig */,
				BB691DB62A11098571ABBBD3 /* Pods-UIEmptyStateTestTests.release.xcconfig */,
				0DFD0CBD728003F27CA74535 /* Pods-UIEmptyStateTestUITests.debug.xcconfig */,
				FF7107D02952AB404AEE0CA3 /* Pods-UIEmptyStateTestUITests.release.xcconfig */,
			);
			name = Pods;
			sourceTree = "<group>";
		};
		A0AABE661E3FEE30006CD69C = {
			isa = PBXGroup;
			children = (
				A0AABE711E3FEE30006CD69C /* UIEmptyStateTest */,
				A0AABE861E3FEE30006CD69C /* UIEmptyStateTestTests */,
				A0AABE911E3FEE30006CD69C /* UIEmptyStateTestUITests */,
				A0AABE701E3FEE30006CD69C /* Products */,
				9401F83D9B76AD8D942A0BFC /* Pods */,
				BA7EFB8C3024B8898CFB3A82 /* Frameworks */,
			);
			sourceTree = "<group>";
		};
		A0AABE701E3FEE30006CD69C /* Products */ = {
			isa = PBXGroup;
			children = (
				A0AABE6F1E3FEE30006CD69C /* UIEmptyStateTest.app */,
				A0AABE831E3FEE30006CD69C /* UIEmptyStateTestTests.xctest */,
				A0AABE8E1E3FEE30006CD69C /* UIEmptyStateTestUITests.xctest */,
			);
			name = Products;
			sourceTree = "<group>";
		};
		A0AABE711E3FEE30006CD69C /* UIEmptyStateTest */ = {
			isa = PBXGroup;
			children = (
				A0AABE721E3FEE30006CD69C /* AppDelegate.swift */,
				A0AABE741E3FEE30006CD69C /* ViewController.swift */,
				A0AABE761E3FEE30006CD69C /* Main.storyboard */,
				A0AABE791E3FEE30006CD69C /* Assets.xcassets */,
				A0AABE7B1E3FEE30006CD69C /* LaunchScreen.storyboard */,
				A0AABE7E1E3FEE30006CD69C /* Info.plist */,
			);
			path = UIEmptyStateTest;
			sourceTree = "<group>";
		};
		A0AABE861E3FEE30006CD69C /* UIEmptyStateTestTests */ = {
			isa = PBXGroup;
			children = (
				A0AABE871E3FEE30006CD69C /* UIEmptyStateTestTests.swift */,
				A0AABE891E3FEE30006CD69C /* Info.plist */,
			);
			path = UIEmptyStateTestTests;
			sourceTree = "<group>";
		};
		A0AABE911E3FEE30006CD69C /* UIEmptyStateTestUITests */ = {
			isa = PBXGroup;
			children = (
				A0AABE921E3FEE30006CD69C /* UIEmptyStateTestUITests.swift */,
				A0AABE941E3FEE30006CD69C /* Info.plist */,
			);
			path = UIEmptyStateTestUITests;
			sourceTree = "<group>";
		};
		BA7EFB8C3024B8898CFB3A82 /* Frameworks */ = {
			isa = PBXGroup;
			children = (
				43BAED8DA3C82C8CE6F10290 /* Pods_UIEmptyStateTest.framework */,
				4E3A4A63939E0A0B3BCEE71D /* Pods_UIEmptyStateTestTests.framework */,
				AED243F775E205B94146781F /* Pods_UIEmptyStateTestUITests.framework */,
			);
			name = Frameworks;
			sourceTree = "<group>";
		};
/* End PBXGroup section */

/* Begin PBXNativeTarget section */
		A0AABE6E1E3FEE30006CD69C /* UIEmptyStateTest */ = {
			isa = PBXNativeTarget;
			buildConfigurationList = A0AABE971E3FEE30006CD69C /* Build configuration list for PBXNativeTarget "UIEmptyStateTest" */;
			buildPhases = (
				D4CF6428CF3F187702CF6B76 /* [CP] Check Pods Manifest.lock */,
				A0AABE6B1E3FEE30006CD69C /* Sources */,
				A0AABE6C1E3FEE30006CD69C /* Frameworks */,
				A0AABE6D1E3FEE30006CD69C /* Resources */,
				30189E44BD1C5A89C8D8DCCA /* [CP] Embed Pods Frameworks */,
				4F57025FC5564216750D4F74 /* [CP] Copy Pods Resources */,
			);
			buildRules = (
			);
			dependencies = (
			);
			name = UIEmptyStateTest;
			productName = UIEmptyStateTest;
			productReference = A0AABE6F1E3FEE30006CD69C /* UIEmptyStateTest.app */;
			productType = "com.apple.product-type.application";
		};
		A0AABE821E3FEE30006CD69C /* UIEmptyStateTestTests */ = {
			isa = PBXNativeTarget;
			buildConfigurationList = A0AABE9A1E3FEE30006CD69C /* Build configuration list for PBXNativeTarget "UIEmptyStateTestTests" */;
			buildPhases = (
				15A52B732684D092473AF49A /* [CP] Check Pods Manifest.lock */,
				A0AABE7F1E3FEE30006CD69C /* Sources */,
				A0AABE801E3FEE30006CD69C /* Frameworks */,
				A0AABE811E3FEE30006CD69C /* Resources */,
				C1B02FA369971CE8A80A0875 /* [CP] Embed Pods Frameworks */,
				081E4100D16DEE8939DE9737 /* [CP] Copy Pods Resources */,
			);
			buildRules = (
			);
			dependencies = (
				A0AABE851E3FEE30006CD69C /* PBXTargetDependency */,
			);
			name = UIEmptyStateTestTests;
			productName = UIEmptyStateTestTests;
			productReference = A0AABE831E3FEE30006CD69C /* UIEmptyStateTestTests.xctest */;
			productType = "com.apple.product-type.bundle.unit-test";
		};
		A0AABE8D1E3FEE30006CD69C /* UIEmptyStateTestUITests */ = {
			isa = PBXNativeTarget;
			buildConfigurationList = A0AABE9D1E3FEE30006CD69C /* Build configuration list for PBXNativeTarget "UIEmptyStateTestUITests" */;
			buildPhases = (
				9196E9D31E0CFF0D4D0CE756 /* [CP] Check Pods Manifest.lock */,
				A0AABE8A1E3FEE30006CD69C /* Sources */,
				A0AABE8B1E3FEE30006CD69C /* Frameworks */,
				A0AABE8C1E3FEE30006CD69C /* Resources */,
				A7644057958CDCDEC9109665 /* [CP] Embed Pods Frameworks */,
				93650A90AAC9E0C617983810 /* [CP] Copy Pods Resources */,
			);
			buildRules = (
			);
			dependencies = (
				A0AABE901E3FEE30006CD69C /* PBXTargetDependency */,
			);
			name = UIEmptyStateTestUITests;
			productName = UIEmptyStateTestUITests;
			productReference = A0AABE8E1E3FEE30006CD69C /* UIEmptyStateTestUITests.xctest */;
			productType = "com.apple.product-type.bundle.ui-testing";
		};
/* End PBXNativeTarget section */

/* Begin PBXProject section */
		A0AABE671E3FEE30006CD69C /* Project object */ = {
			isa = PBXProject;
			attributes = {
				LastSwiftUpdateCheck = 0820;
				LastUpgradeCheck = 0820;
				ORGANIZATIONNAME = "Luis Padron";
				TargetAttributes = {
					A0AABE6E1E3FEE30006CD69C = {
						CreatedOnToolsVersion = 8.2.1;
						DevelopmentTeam = 4FNMZ7SN42;
						ProvisioningStyle = Automatic;
					};
					A0AABE821E3FEE30006CD69C = {
						CreatedOnToolsVersion = 8.2.1;
						DevelopmentTeam = 4FNMZ7SN42;
						ProvisioningStyle = Automatic;
						TestTargetID = A0AABE6E1E3FEE30006CD69C;
					};
					A0AABE8D1E3FEE30006CD69C = {
						CreatedOnToolsVersion = 8.2.1;
						DevelopmentTeam = 4FNMZ7SN42;
						ProvisioningStyle = Automatic;
						TestTargetID = A0AABE6E1E3FEE30006CD69C;
					};
				};
			};
			buildConfigurationList = A0AABE6A1E3FEE30006CD69C /* Build configuration list for PBXProject "UIEmptyStateTest" */;
			compatibilityVersion = "Xcode 3.2";
			developmentRegion = English;
			hasScannedForEncodings = 0;
			knownRegions = (
				en,
				Base,
			);
			mainGroup = A0AABE661E3FEE30006CD69C;
			productRefGroup = A0AABE701E3FEE30006CD69C /* Products */;
			projectDirPath = "";
			projectRoot = "";
			targets = (
				A0AABE6E1E3FEE30006CD69C /* UIEmptyStateTest */,
				A0AABE821E3FEE30006CD69C /* UIEmptyStateTestTests */,
				A0AABE8D1E3FEE30006CD69C /* UIEmptyStateTestUITests */,
			);
		};
/* End PBXProject section */

/* Begin PBXResourcesBuildPhase section */
		A0AABE6D1E3FEE30006CD69C /* Resources */ = {
			isa = PBXResourcesBuildPhase;
			buildActionMask = 2147483647;
			files = (
				A0AABE7D1E3FEE30006CD69C /* LaunchScreen.storyboard in Resources */,
				A0AABE7A1E3FEE30006CD69C /* Assets.xcassets in Resources */,
				A0AABE781E3FEE30006CD69C /* Main.storyboard in Resources */,
			);
			runOnlyForDeploymentPostprocessing = 0;
		};
		A0AABE811E3FEE30006CD69C /* Resources */ = {
			isa = PBXResourcesBuildPhase;
			buildActionMask = 2147483647;
			files = (
			);
			runOnlyForDeploymentPostprocessing = 0;
		};
		A0AABE8C1E3FEE30006CD69C /* Resources */ = {
			isa = PBXResourcesBuildPhase;
			buildActionMask = 2147483647;
			files = (
			);
			runOnlyForDeploymentPostprocessing = 0;
		};
/* End PBXResourcesBuildPhase section */

/* Begin PBXShellScriptBuildPhase section */
		081E4100D16DEE8939DE9737 /* [CP] Copy Pods Resources */ = {
			isa = PBXShellScriptBuildPhase;
			buildActionMask = 2147483647;
			files = (
			);
			inputPaths = (
			);
			name = "[CP] Copy Pods Resources";
			outputPaths = (
			);
			runOnlyForDeploymentPostprocessing = 0;
			shellPath = /bin/sh;
			shellScript = "\"${SRCROOT}/Pods/Target Support Files/Pods-UIEmptyStateTestTests/Pods-UIEmptyStateTestTests-resources.sh\"\n";
			showEnvVarsInLog = 0;
		};
		15A52B732684D092473AF49A /* [CP] Check Pods Manifest.lock */ = {
			isa = PBXShellScriptBuildPhase;
			buildActionMask = 2147483647;
			files = (
			);
			inputPaths = (
			);
			name = "[CP] Check Pods Manifest.lock";
			outputPaths = (
			);
			runOnlyForDeploymentPostprocessing = 0;
			shellPath = /bin/sh;
			shellScript = "diff \"${PODS_ROOT}/../Podfile.lock\" \"${PODS_ROOT}/Manifest.lock\" > /dev/null\nif [ $? != 0 ] ; then\n    # print error to STDERR\n    echo \"error: The sandbox is not in sync with the Podfile.lock. Run \'pod install\' or update your CocoaPods installation.\" >&2\n    exit 1\nfi\n";
			showEnvVarsInLog = 0;
		};
		30189E44BD1C5A89C8D8DCCA /* [CP] Embed Pods Frameworks */ = {
			isa = PBXShellScriptBuildPhase;
			buildActionMask = 2147483647;
			files = (
			);
			inputPaths = (
			);
			name = "[CP] Embed Pods Frameworks";
			outputPaths = (
			);
			runOnlyForDeploymentPostprocessing = 0;
			shellPath = /bin/sh;
			shellScript = "\"${SRCROOT}/Pods/Target Support Files/Pods-UIEmptyStateTest/Pods-UIEmptyStateTest-frameworks.sh\"\n";
			showEnvVarsInLog = 0;
		};
		4F57025FC5564216750D4F74 /* [CP] Copy Pods Resources */ = {
			isa = PBXShellScriptBuildPhase;
			buildActionMask = 2147483647;
			files = (
			);
			inputPaths = (
			);
			name = "[CP] Copy Pods Resources";
			outputPaths = (
			);
			runOnlyForDeploymentPostprocessing = 0;
			shellPath = /bin/sh;
			shellScript = "\"${SRCROOT}/Pods/Target Support Files/Pods-UIEmptyStateTest/Pods-UIEmptyStateTest-resources.sh\"\n";
			showEnvVarsInLog = 0;
		};
		9196E9D31E0CFF0D4D0CE756 /* [CP] Check Pods Manifest.lock */ = {
			isa = PBXShellScriptBuildPhase;
			buildActionMask = 2147483647;
			files = (
			);
			inputPaths = (
			);
			name = "[CP] Check Pods Manifest.lock";
			outputPaths = (
			);
			runOnlyForDeploymentPostprocessing = 0;
			shellPath = /bin/sh;
			shellScript = "diff \"${PODS_ROOT}/../Podfile.lock\" \"${PODS_ROOT}/Manifest.lock\" > /dev/null\nif [ $? != 0 ] ; then\n    # print error to STDERR\n    echo \"error: The sandbox is not in sync with the Podfile.lock. Run \'pod install\' or update your CocoaPods installation.\" >&2\n    exit 1\nfi\n";
			showEnvVarsInLog = 0;
		};
		93650A90AAC9E0C617983810 /* [CP] Copy Pods Resources */ = {
			isa = PBXShellScriptBuildPhase;
			buildActionMask = 2147483647;
			files = (
			);
			inputPaths = (
			);
			name = "[CP] Copy Pods Resources";
			outputPaths = (
			);
			runOnlyForDeploymentPostprocessing = 0;
			shellPath = /bin/sh;
			shellScript = "\"${SRCROOT}/Pods/Target Support Files/Pods-UIEmptyStateTestUITests/Pods-UIEmptyStateTestUITests-resources.sh\"\n";
			showEnvVarsInLog = 0;
		};
		A7644057958CDCDEC9109665 /* [CP] Embed Pods Frameworks */ = {
			isa = PBXShellScriptBuildPhase;
			buildActionMask = 2147483647;
			files = (
			);
			inputPaths = (
			);
			name = "[CP] Embed Pods Frameworks";
			outputPaths = (
			);
			runOnlyForDeploymentPostprocessing = 0;
			shellPath = /bin/sh;
			shellScript = "\"${SRCROOT}/Pods/Target Support Files/Pods-UIEmptyStateTestUITests/Pods-UIEmptyStateTestUITests-frameworks.sh\"\n";
			showEnvVarsInLog = 0;
		};
		C1B02FA369971CE8A80A0875 /* [CP] Embed Pods Frameworks */ = {
			isa = PBXShellScriptBuildPhase;
			buildActionMask = 2147483647;
			files = (
			);
			inputPaths = (
			);
			name = "[CP] Embed Pods Frameworks";
			outputPaths = (
			);
			runOnlyForDeploymentPostprocessing = 0;
			shellPath = /bin/sh;
			shellScript = "\"${SRCROOT}/Pods/Target Support Files/Pods-UIEmptyStateTestTests/Pods-UIEmptyStateTestTests-frameworks.sh\"\n";
			showEnvVarsInLog = 0;
		};
		D4CF6428CF3F187702CF6B76 /* [CP] Check Pods Manifest.lock */ = {
			isa = PBXShellScriptBuildPhase;
			buildActionMask = 2147483647;
			files = (
			);
			inputPaths = (
			);
			name = "[CP] Check Pods Manifest.lock";
			outputPaths = (
			);
			runOnlyForDeploymentPostprocessing = 0;
			shellPath = /bin/sh;
			shellScript = "diff \"${PODS_ROOT}/../Podfile.lock\" \"${PODS_ROOT}/Manifest.lock\" > /dev/null\nif [ $? != 0 ] ; then\n    # print error to STDERR\n    echo \"error: The sandbox is not in sync with the Podfile.lock. Run \'pod install\' or update your CocoaPods installation.\" >&2\n    exit 1\nfi\n";
			showEnvVarsInLog = 0;
		};
/* End PBXShellScriptBuildPhase section */

/* Begin PBXSourcesBuildPhase section */
		A0AABE6B1E3FEE30006CD69C /* Sources */ = {
			isa = PBXSourcesBuildPhase;
			buildActionMask = 2147483647;
			files = (
				A0AABE751E3FEE30006CD69C /* ViewController.swift in Sources */,
				A0AABE731E3FEE30006CD69C /* AppDelegate.swift in Sources */,
			);
			runOnlyForDeploymentPostprocessing = 0;
		};
		A0AABE7F1E3FEE30006CD69C /* Sources */ = {
			isa = PBXSourcesBuildPhase;
			buildActionMask = 2147483647;
			files = (
				A0AABE881E3FEE30006CD69C /* UIEmptyStateTestTests.swift in Sources */,
			);
			runOnlyForDeploymentPostprocessing = 0;
		};
		A0AABE8A1E3FEE30006CD69C /* Sources */ = {
			isa = PBXSourcesBuildPhase;
			buildActionMask = 2147483647;
			files = (
				A0AABE931E3FEE30006CD69C /* UIEmptyStateTestUITests.swift in Sources */,
			);
			runOnlyForDeploymentPostprocessing = 0;
		};
/* End PBXSourcesBuildPhase section */

/* Begin PBXTargetDependency section */
		A0AABE851E3FEE30006CD69C /* PBXTargetDependency */ = {
			isa = PBXTargetDependency;
			target = A0AABE6E1E3FEE30006CD69C /* UIEmptyStateTest */;
			targetProxy = A0AABE841E3FEE30006CD69C /* PBXContainerItemProxy */;
		};
		A0AABE901E3FEE30006CD69C /* PBXTargetDependency */ = {
			isa = PBXTargetDependency;
			target = A0AABE6E1E3FEE30006CD69C /* UIEmptyStateTest */;
			targetProxy = A0AABE8F1E3FEE30006CD69C /* PBXContainerItemProxy */;
		};
/* End PBXTargetDependency section */

/* Begin PBXVariantGroup section */
		A0AABE761E3FEE30006CD69C /* Main.storyboard */ = {
			isa = PBXVariantGroup;
			children = (
				A0AABE771E3FEE30006CD69C /* Base */,
			);
			name = Main.storyboard;
			sourceTree = "<group>";
		};
		A0AABE7B1E3FEE30006CD69C /* LaunchScreen.storyboard */ = {
			isa = PBXVariantGroup;
			children = (
				A0AABE7C1E3FEE30006CD69C /* Base */,
			);
			name = LaunchScreen.storyboard;
			sourceTree = "<group>";
		};
/* End PBXVariantGroup section */

/* Begin XCBuildConfiguration section */
		A0AABE951E3FEE30006CD69C /* Debug */ = {
			isa = XCBuildConfiguration;
			buildSettings = {
				ALWAYS_SEARCH_USER_PATHS = NO;
				CLANG_ANALYZER_NONNULL = YES;
				CLANG_CXX_LANGUAGE_STANDARD = "gnu++0x";
				CLANG_CXX_LIBRARY = "libc++";
				CLANG_ENABLE_MODULES = YES;
				CLANG_ENABLE_OBJC_ARC = YES;
				CLANG_WARN_BOOL_CONVERSION = YES;
				CLANG_WARN_CONSTANT_CONVERSION = YES;
				CLANG_WARN_DIRECT_OBJC_ISA_USAGE = YES_ERROR;
				CLANG_WARN_DOCUMENTATION_COMMENTS = YES;
				CLANG_WARN_EMPTY_BODY = YES;
				CLANG_WARN_ENUM_CONVERSION = YES;
				CLANG_WARN_INFINITE_RECURSION = YES;
				CLANG_WARN_INT_CONVERSION = YES;
				CLANG_WARN_OBJC_ROOT_CLASS = YES_ERROR;
				CLANG_WARN_SUSPICIOUS_MOVE = YES;
				CLANG_WARN_UNREACHABLE_CODE = YES;
				CLANG_WARN__DUPLICATE_METHOD_MATCH = YES;
				"CODE_SIGN_IDENTITY[sdk=iphoneos*]" = "iPhone Developer";
				COPY_PHASE_STRIP = NO;
				DEBUG_INFORMATION_FORMAT = dwarf;
				ENABLE_STRICT_OBJC_MSGSEND = YES;
				ENABLE_TESTABILITY = YES;
				GCC_C_LANGUAGE_STANDARD = gnu99;
				GCC_DYNAMIC_NO_PIC = NO;
				GCC_NO_COMMON_BLOCKS = YES;
				GCC_OPTIMIZATION_LEVEL = 0;
				GCC_PREPROCESSOR_DEFINITIONS = (
					"DEBUG=1",
					"$(inherited)",
				);
				GCC_WARN_64_TO_32_BIT_CONVERSION = YES;
				GCC_WARN_ABOUT_RETURN_TYPE = YES_ERROR;
				GCC_WARN_UNDECLARED_SELECTOR = YES;
				GCC_WARN_UNINITIALIZED_AUTOS = YES_AGGRESSIVE;
				GCC_WARN_UNUSED_FUNCTION = YES;
				GCC_WARN_UNUSED_VARIABLE = YES;
				IPHONEOS_DEPLOYMENT_TARGET = 10.2;
				MTL_ENABLE_DEBUG_INFO = YES;
				ONLY_ACTIVE_ARCH = YES;
				SDKROOT = iphoneos;
				SWIFT_ACTIVE_COMPILATION_CONDITIONS = DEBUG;
				SWIFT_OPTIMIZATION_LEVEL = "-Onone";
				TARGETED_DEVICE_FAMILY = "1,2";
			};
			name = Debug;
		};
		A0AABE961E3FEE30006CD69C /* Release */ = {
			isa = XCBuildConfiguration;
			buildSettings = {
				ALWAYS_SEARCH_USER_PATHS = NO;
				CLANG_ANALYZER_NONNULL = YES;
				CLANG_CXX_LANGUAGE_STANDARD = "gnu++0x";
				CLANG_CXX_LIBRARY = "libc++";
				CLANG_ENABLE_MODULES = YES;
				CLANG_ENABLE_OBJC_ARC = YES;
				CLANG_WARN_BOOL_CONVERSION = YES;
				CLANG_WARN_CONSTANT_CONVERSION = YES;
				CLANG_WARN_DIRECT_OBJC_ISA_USAGE = YES_ERROR;
				CLANG_WARN_DOCUMENTATION_COMMENTS = YES;
				CLANG_WARN_EMPTY_BODY = YES;
				CLANG_WARN_ENUM_CONVERSION = YES;
				CLANG_WARN_INFINITE_RECURSION = YES;
				CLANG_WARN_INT_CONVERSION = YES;
				CLANG_WARN_OBJC_ROOT_CLASS = YES_ERROR;
				CLANG_WARN_SUSPICIOUS_MOVE = YES;
				CLANG_WARN_UNREACHABLE_CODE = YES;
				CLANG_WARN__DUPLICATE_METHOD_MATCH = YES;
				"CODE_SIGN_IDENTITY[sdk=iphoneos*]" = "iPhone Developer";
				COPY_PHASE_STRIP = NO;
				DEBUG_INFORMATION_FORMAT = "dwarf-with-dsym";
				ENABLE_NS_ASSERTIONS = NO;
				ENABLE_STRICT_OBJC_MSGSEND = YES;
				GCC_C_LANGUAGE_STANDARD = gnu99;
				GCC_NO_COMMON_BLOCKS = YES;
				GCC_WARN_64_TO_32_BIT_CONVERSION = YES;
				GCC_WARN_ABOUT_RETURN_TYPE = YES_ERROR;
				GCC_WARN_UNDECLARED_SELECTOR = YES;
				GCC_WARN_UNINITIALIZED_AUTOS = YES_AGGRESSIVE;
				GCC_WARN_UNUSED_FUNCTION = YES;
				GCC_WARN_UNUSED_VARIABLE = YES;
				IPHONEOS_DEPLOYMENT_TARGET = 10.2;
				MTL_ENABLE_DEBUG_INFO = NO;
				SDKROOT = iphoneos;
				SWIFT_OPTIMIZATION_LEVEL = "-Owholemodule";
				TARGETED_DEVICE_FAMILY = "1,2";
				VALIDATE_PRODUCT = YES;
			};
			name = Release;
		};
		A0AABE981E3FEE30006CD69C /* Debug */ = {
			isa = XCBuildConfiguration;
			baseConfigurationReference = 04923F271A6ABA74EEBC97FB /* Pods-UIEmptyStateTest.debug.xcconfig */;
			buildSettings = {
				ASSETCATALOG_COMPILER_APPICON_NAME = AppIcon;
				DEVELOPMENT_TEAM = 4FNMZ7SN42;
				INFOPLIST_FILE = UIEmptyStateTest/Info.plist;
				LD_RUNPATH_SEARCH_PATHS = "$(inherited) @executable_path/Frameworks";
				PRODUCT_BUNDLE_IDENTIFIER = com.luispadron.UIEmptyStateTest;
				PRODUCT_NAME = "$(TARGET_NAME)";
				SWIFT_VERSION = 3.0;
			};
			name = Debug;
		};
		A0AABE991E3FEE30006CD69C /* Release */ = {
			isa = XCBuildConfiguration;
			baseConfigurationReference = 62590E8D27A591EA077B8FB3 /* Pods-UIEmptyStateTest.release.xcconfig */;
			buildSettings = {
				ASSETCATALOG_COMPILER_APPICON_NAME = AppIcon;
				DEVELOPMENT_TEAM = 4FNMZ7SN42;
				INFOPLIST_FILE = UIEmptyStateTest/Info.plist;
				LD_RUNPATH_SEARCH_PATHS = "$(inherited) @executable_path/Frameworks";
				PRODUCT_BUNDLE_IDENTIFIER = com.luispadron.UIEmptyStateTest;
				PRODUCT_NAME = "$(TARGET_NAME)";
				SWIFT_VERSION = 3.0;
			};
			name = Release;
		};
		A0AABE9B1E3FEE30006CD69C /* Debug */ = {
			isa = XCBuildConfiguration;
			baseConfigurationReference = 5BEF0FC8D0972C0A42CED6B4 /* Pods-UIEmptyStateTestTests.debug.xcconfig */;
			buildSettings = {
				ALWAYS_EMBED_SWIFT_STANDARD_LIBRARIES = YES;
				BUNDLE_LOADER = "$(TEST_HOST)";
				DEVELOPMENT_TEAM = 4FNMZ7SN42;
				INFOPLIST_FILE = UIEmptyStateTestTests/Info.plist;
				LD_RUNPATH_SEARCH_PATHS = "$(inherited) @executable_path/Frameworks @loader_path/Frameworks";
				PRODUCT_BUNDLE_IDENTIFIER = com.luispadron.UIEmptyStateTestTests;
				PRODUCT_NAME = "$(TARGET_NAME)";
				SWIFT_VERSION = 3.0;
				TEST_HOST = "$(BUILT_PRODUCTS_DIR)/UIEmptyStateTest.app/UIEmptyStateTest";
			};
			name = Debug;
		};
		A0AABE9C1E3FEE30006CD69C /* Release */ = {
			isa = XCBuildConfiguration;
			baseConfigurationReference = BB691DB62A11098571ABBBD3 /* Pods-UIEmptyStateTestTests.release.xcconfig */;
			buildSettings = {
				ALWAYS_EMBED_SWIFT_STANDARD_LIBRARIES = YES;
				BUNDLE_LOADER = "$(TEST_HOST)";
				DEVELOPMENT_TEAM = 4FNMZ7SN42;
				INFOPLIST_FILE = UIEmptyStateTestTests/Info.plist;
				LD_RUNPATH_SEARCH_PATHS = "$(inherited) @executable_path/Frameworks @loader_path/Frameworks";
				PRODUCT_BUNDLE_IDENTIFIER = com.luispadron.UIEmptyStateTestTests;
				PRODUCT_NAME = "$(TARGET_NAME)";
				SWIFT_VERSION = 3.0;
				TEST_HOST = "$(BUILT_PRODUCTS_DIR)/UIEmptyStateTest.app/UIEmptyStateTest";
			};
			name = Release;
		};
		A0AABE9E1E3FEE30006CD69C /* Debug */ = {
			isa = XCBuildConfiguration;
			baseConfigurationReference = 0DFD0CBD728003F27CA74535 /* Pods-UIEmptyStateTestUITests.debug.xcconfig */;
			buildSettings = {
				ALWAYS_EMBED_SWIFT_STANDARD_LIBRARIES = YES;
				DEVELOPMENT_TEAM = 4FNMZ7SN42;
				INFOPLIST_FILE = UIEmptyStateTestUITests/Info.plist;
				LD_RUNPATH_SEARCH_PATHS = "$(inherited) @executable_path/Frameworks @loader_path/Frameworks";
				PRODUCT_BUNDLE_IDENTIFIER = com.luispadron.UIEmptyStateTestUITests;
				PRODUCT_NAME = "$(TARGET_NAME)";
				SWIFT_VERSION = 3.0;
				TEST_TARGET_NAME = UIEmptyStateTest;
			};
			name = Debug;
		};
		A0AABE9F1E3FEE30006CD69C /* Release */ = {
			isa = XCBuildConfiguration;
			baseConfigurationReference = FF7107D02952AB404AEE0CA3 /* Pods-UIEmptyStateTestUITests.release.xcconfig */;
			buildSettings = {
				ALWAYS_EMBED_SWIFT_STANDARD_LIBRARIES = YES;
				DEVELOPMENT_TEAM = 4FNMZ7SN42;
				INFOPLIST_FILE = UIEmptyStateTestUITests/Info.plist;
				LD_RUNPATH_SEARCH_PATHS = "$(inherited) @executable_path/Frameworks @loader_path/Frameworks";
				PRODUCT_BUNDLE_IDENTIFIER = com.luispadron.UIEmptyStateTestUITests;
				PRODUCT_NAME = "$(TARGET_NAME)";
				SWIFT_VERSION = 3.0;
				TEST_TARGET_NAME = UIEmptyStateTest;
			};
			name = Release;
		};
/* End XCBuildConfiguration section */

/* Begin XCConfigurationList section */
		A0AABE6A1E3FEE30006CD69C /* Build configuration list for PBXProject "UIEmptyStateTest" */ = {
			isa = XCConfigurationList;
			buildConfigurations = (
				A0AABE951E3FEE30006CD69C /* Debug */,
				A0AABE961E3FEE30006CD69C /* Release */,
			);
			defaultConfigurationIsVisible = 0;
			defaultConfigurationName = Release;
		};
		A0AABE971E3FEE30006CD69C /* Build configuration list for PBXNativeTarget "UIEmptyStateTest" */ = {
			isa = XCConfigurationList;
			buildConfigurations = (
				A0AABE981E3FEE30006CD69C /* Debug */,
				A0AABE991E3FEE30006CD69C /* Release */,
			);
			defaultConfigurationIsVisible = 0;
		};
		A0AABE9A1E3FEE30006CD69C /* Build configuration list for PBXNativeTarget "UIEmptyStateTestTests" */ = {
			isa = XCConfigurationList;
			buildConfigurations = (
				A0AABE9B1E3FEE30006CD69C /* Debug */,
				A0AABE9C1E3FEE30006CD69C /* Release */,
			);
			defaultConfigurationIsVisible = 0;
		};
		A0AABE9D1E3FEE30006CD69C /* Build configuration list for PBXNativeTarget "UIEmptyStateTestUITests" */ = {
			isa = XCConfigurationList;
			buildConfigurations = (
				A0AABE9E1E3FEE30006CD69C /* Debug */,
				A0AABE9F1E3FEE30006CD69C /* Release */,
			);
			defaultConfigurationIsVisible = 0;
		};
/* End XCConfigurationList section */
	};
	rootObject = A0AABE671E3FEE30006CD69C /* Project object */;
}
